
Microsoft Visual Studio Solution File, Format Version 12.00
# Visual Studio Version 17
VisualStudioVersion = 17.8.34309.116
MinimumVisualStudioVersion = 10.0.40219.1
Project("{9A19103F-16F7-4668-BE54-9A1E7A4F7556}") = "CuraExportViewer", "CuraExportViewer\CuraExportViewer.csproj", "{DA3758C9-D9E9-4282-A549-D8725613EEB4}"
EndProject
Global
	GlobalSection(SolutionConfigurationPlatforms) = preSolution
		Debug|Any CPU = Debug|Any CPU
		Release|Any CPU = Release|Any CPU
	EndGlobalSection
	GlobalSection(ProjectConfigurationPlatforms) = postSolution
		{DA3758C9-D9E9-4282-A549-D8725613EEB4}.Debug|Any CPU.ActiveCfg = Debug|Any CPU
		{DA3758C9-D9E9-4282-A549-D8725613EEB4}.Debug|Any CPU.Build.0 = Debug|Any CPU
		{DA3758C9-D9E9-4282-A549-D8725613EEB4}.Release|Any CPU.ActiveCfg = Release|Any CPU
		{DA3758C9-D9E9-4282-A549-D8725613EEB4}.Release|Any CPU.Build.0 = Release|Any CPU
	EndGlobalSection
	GlobalSection(SolutionProperties) = preSolution
		HideSolutionNode = FALSE
	EndGlobalSection
	GlobalSection(ExtensibilityGlobals) = postSolution
		SolutionGuid = {7C88167B-E590-43A9-9FBE-4A547E005973}
	EndGlobalSection
	GlobalSection(TeamFoundationVersionControl) = preSolution
		SccNumberOfProjects = 2
		SccEnterpriseProvider = {4CA58AB2-18FA-4F8D-95D4-32DDF27D184C}
		SccTeamFoundationServer = https://dev.azure.com/jankochlan
		SccLocalPath0 = .
		SccProjectUniqueName1 = CuraExportViewer\\CuraExportViewer.csproj
		SccProjectName1 = CuraExportViewer
		SccLocalPath1 = CuraExportViewer
	EndGlobalSection
EndGlobal
